
Microsoft Visual Studio Solution File, Format Version 12.00
# Visual Studio 15
VisualStudioVersion = 15.0.27130.2036
MinimumVisualStudioVersion = 10.0.40219.1
Project("{9A19103F-16F7-4668-BE54-9A1E7A4F7556}") = "CoreWebEmpty", "CoreWebEmpty.csproj", "{159C8EB6-C022-40F2-850E-01DBADDC426B}"
EndProject
Global
	GlobalSection(SolutionConfigurationPlatforms) = preSolution
		Debug|Any CPU = Debug|Any CPU
		Release|Any CPU = Release|Any CPU
	EndGlobalSection
	GlobalSection(ProjectConfigurationPlatforms) = postSolution
		{159C8EB6-C022-40F2-850E-01DBADDC426B}.Debug|Any CPU.ActiveCfg = Debug|Any CPU
		{159C8EB6-C022-40F2-850E-01DBADDC426B}.Debug|Any CPU.Build.0 = Debug|Any CPU
		{159C8EB6-C022-40F2-850E-01DBADDC426B}.Release|Any CPU.ActiveCfg = Release|Any CPU
		{159C8EB6-C022-40F2-850E-01DBADDC426B}.Release|Any CPU.Build.0 = Release|Any CPU
	EndGlobalSection
	GlobalSection(SolutionProperties) = preSolution
		HideSolutionNode = FALSE
	EndGlobalSection
	GlobalSection(ExtensibilityGlobals) = postSolution
		SolutionGuid = {CF3A5160-B17D-49A8-8F46-3402F494F257}
	EndGlobalSection
EndGlobal
